
Microsoft Visual Studio Solution File, Format Version 12.00
# Visual Studio Version 16
VisualStudioVersion = 16.0.29123.88
MinimumVisualStudioVersion = 10.0.40219.1
Project("{9A19103F-16F7-4668-BE54-9A1E7A4F7556}") = "music-theori", "music-theori\music-theori.csproj", "{E83C0296-20FC-4B7F-8631-725C5DD687B9}"
EndProject
Project("{2150E333-8FDC-42A3-9474-1A3956D46DE8}") = "Tests", "Tests", "{E4CFF48E-D241-4AA2-BE56-84F207812398}"
EndProject
Project("{2150E333-8FDC-42A3-9474-1A3956D46DE8}") = "Clients", "Clients", "{3E2CDC20-BBA9-4396-85FA-6A3ED484EE1C}"
EndProject
Project("{2150E333-8FDC-42A3-9474-1A3956D46DE8}") = "Experimental", "Experimental", "{90CD27D0-DB4F-4D8F-9D5C-BE8E092A08D8}"
EndProject
Project("{9A19103F-16F7-4668-BE54-9A1E7A4F7556}") = "experimental", "Experimental\experimental\experimental.csproj", "{00CAC396-0FB4-483D-8BD6-9FB022830260}"
EndProject
Project("{FAE04EC0-301F-11D3-BF4B-00C04F79EFBC}") = "experimental-net472", "Experimental\experimental-net472\experimental-net472.csproj", "{9ABE7520-62C0-4035-8C31-F055307F5F91}"
EndProject
Project("{FAE04EC0-301F-11D3-BF4B-00C04F79EFBC}") = "theori-core3.0", "Clients\theori-core3.0\theori-core3.0.csproj", "{BFEF5427-1B5D-452C-9073-D30C3446B32A}"
EndProject
Global
	GlobalSection(SolutionConfigurationPlatforms) = preSolution
		Debug|x64 = Debug|x64
		Deploy|x64 = Deploy|x64
		Release|x64 = Release|x64
	EndGlobalSection
	GlobalSection(ProjectConfigurationPlatforms) = postSolution
		{E83C0296-20FC-4B7F-8631-725C5DD687B9}.Debug|x64.ActiveCfg = Debug|x64
		{E83C0296-20FC-4B7F-8631-725C5DD687B9}.Debug|x64.Build.0 = Debug|x64
		{E83C0296-20FC-4B7F-8631-725C5DD687B9}.Deploy|x64.ActiveCfg = Deploy|x64
		{E83C0296-20FC-4B7F-8631-725C5DD687B9}.Deploy|x64.Build.0 = Deploy|x64
		{E83C0296-20FC-4B7F-8631-725C5DD687B9}.Release|x64.ActiveCfg = Release|x64
		{E83C0296-20FC-4B7F-8631-725C5DD687B9}.Release|x64.Build.0 = Release|x64
		{00CAC396-0FB4-483D-8BD6-9FB022830260}.Debug|x64.ActiveCfg = Debug|x64
		{00CAC396-0FB4-483D-8BD6-9FB022830260}.Debug|x64.Build.0 = Debug|x64
		{00CAC396-0FB4-483D-8BD6-9FB022830260}.Deploy|x64.ActiveCfg = Deploy|x64
		{00CAC396-0FB4-483D-8BD6-9FB022830260}.Deploy|x64.Build.0 = Deploy|x64
		{00CAC396-0FB4-483D-8BD6-9FB022830260}.Release|x64.ActiveCfg = Release|x64
		{00CAC396-0FB4-483D-8BD6-9FB022830260}.Release|x64.Build.0 = Release|x64
		{9ABE7520-62C0-4035-8C31-F055307F5F91}.Debug|x64.ActiveCfg = Debug|x64
		{9ABE7520-62C0-4035-8C31-F055307F5F91}.Debug|x64.Build.0 = Debug|x64
		{9ABE7520-62C0-4035-8C31-F055307F5F91}.Deploy|x64.ActiveCfg = Debug|x64
		{9ABE7520-62C0-4035-8C31-F055307F5F91}.Deploy|x64.Build.0 = Debug|x64
		{9ABE7520-62C0-4035-8C31-F055307F5F91}.Release|x64.ActiveCfg = Release|x64
		{9ABE7520-62C0-4035-8C31-F055307F5F91}.Release|x64.Build.0 = Release|x64
		{BFEF5427-1B5D-452C-9073-D30C3446B32A}.Debug|x64.ActiveCfg = Debug|x64
		{BFEF5427-1B5D-452C-9073-D30C3446B32A}.Debug|x64.Build.0 = Debug|x64
		{BFEF5427-1B5D-452C-9073-D30C3446B32A}.Deploy|x64.ActiveCfg = Debug|x64
		{BFEF5427-1B5D-452C-9073-D30C3446B32A}.Deploy|x64.Build.0 = Debug|x64
		{BFEF5427-1B5D-452C-9073-D30C3446B32A}.Release|x64.ActiveCfg = Release|x64
		{BFEF5427-1B5D-452C-9073-D30C3446B32A}.Release|x64.Build.0 = Release|x64
	EndGlobalSection
	GlobalSection(SolutionProperties) = preSolution
		HideSolutionNode = FALSE
	EndGlobalSection
	GlobalSection(NestedProjects) = preSolution
		{00CAC396-0FB4-483D-8BD6-9FB022830260} = {90CD27D0-DB4F-4D8F-9D5C-BE8E092A08D8}
		{9ABE7520-62C0-4035-8C31-F055307F5F91} = {90CD27D0-DB4F-4D8F-9D5C-BE8E092A08D8}
		{BFEF5427-1B5D-452C-9073-D30C3446B32A} = {3E2CDC20-BBA9-4396-85FA-6A3ED484EE1C}
	EndGlobalSection
	GlobalSection(ExtensibilityGlobals) = postSolution
		SolutionGuid = {89173305-FBD8-460E-9BFD-3EB1F7A9E020}
	EndGlobalSection
EndGlobal
